
Microsoft Visual Studio Solution File, Format Version 12.00
# Visual Studio 14
VisualStudioVersion = 14.0.25420.1
MinimumVisualStudioVersion = 10.0.40219.1
Project("{FAE04EC0-301F-11D3-BF4B-00C04F79EFBC}") = "FirstWordAddIn", "FirstWordAddIn\FirstWordAddIn.csproj", "{D69B4F70-E983-4C9A-919A-9A73321C94DE}"
EndProject
Global
	GlobalSection(SolutionConfigurationPlatforms) = preSolution
		Debug|Any CPU = Debug|Any CPU
		Release|Any CPU = Release|Any CPU
	EndGlobalSection
	GlobalSection(ProjectConfigurationPlatforms) = postSolution
		{D69B4F70-E983-4C9A-919A-9A73321C94DE}.Debug|Any CPU.ActiveCfg = Debug|Any CPU
		{D69B4F70-E983-4C9A-919A-9A73321C94DE}.Debug|Any CPU.Build.0 = Debug|Any CPU
		{D69B4F70-E983-4C9A-919A-9A73321C94DE}.Release|Any CPU.ActiveCfg = Release|Any CPU
		{D69B4F70-E983-4C9A-919A-9A73321C94DE}.Release|Any CPU.Build.0 = Release|Any CPU
	EndGlobalSection
	GlobalSection(SolutionProperties) = preSolution
		HideSolutionNode = FALSE
	EndGlobalSection
EndGlobal
